// !$*UTF8*$!
{
	archiveVersion = 1;
	classes = {
	};
	objectVersion = 52;
	objects = {

/* Begin PBXBuildFile section */
		A91B22132670AF9900D17453 /* AppDelegate.swift in Sources */ = {isa = PBXBuildFile; fileRef = A91B22122670AF9900D17453 /* AppDelegate.swift */; };
		A91B22172670AF9900D17453 /* SearchGitHubUserVC.swift in Sources */ = {isa = PBXBuildFile; fileRef = A91B22162670AF9900D17453 /* SearchGitHubUserVC.swift */; };
		A91B221A2670AF9900D17453 /* Main.storyboard in Resources */ = {isa = PBXBuildFile; fileRef = A91B22182670AF9900D17453 /* Main.storyboard */; };
		A91B221D2670AF9900D17453 /* GitHubUserSearchPractice.xcdatamodeld in Sources */ = {isa = PBXBuildFile; fileRef = A91B221B2670AF9900D17453 /* GitHubUserSearchPractice.xcdatamodeld */; };
		A91B221F2670AF9B00D17453 /* Assets.xcassets in Resources */ = {isa = PBXBuildFile; fileRef = A91B221E2670AF9B00D17453 /* Assets.xcassets */; };
		A91B22222670AF9B00D17453 /* LaunchScreen.storyboard in Resources */ = {isa = PBXBuildFile; fileRef = A91B22202670AF9B00D17453 /* LaunchScreen.storyboard */; };
		A91B222D2670AF9B00D17453 /* GitHubUserSearchPracticeTests.swift in Sources */ = {isa = PBXBuildFile; fileRef = A91B222C2670AF9B00D17453 /* GitHubUserSearchPracticeTests.swift */; };
		A91B22382670AF9B00D17453 /* GitHubUserSearchPracticeUITests.swift in Sources */ = {isa = PBXBuildFile; fileRef = A91B22372670AF9B00D17453 /* GitHubUserSearchPracticeUITests.swift */; };
		A91B224A2670B4A100D17453 /* SearchResultItemCollectionViewCell.swift in Sources */ = {isa = PBXBuildFile; fileRef = A91B22482670B4A100D17453 /* SearchResultItemCollectionViewCell.swift */; };
		A91B224B2670B4A100D17453 /* SearchResultItemCollectionViewCell.xib in Resources */ = {isa = PBXBuildFile; fileRef = A91B22492670B4A100D17453 /* SearchResultItemCollectionViewCell.xib */; };
		A91B22502670B8E300D17453 /* TypeIdentifier.swift in Sources */ = {isa = PBXBuildFile; fileRef = A91B224F2670B8E300D17453 /* TypeIdentifier.swift */; };
		A91B22532670CF4E00D17453 /* SDWebImage in Frameworks */ = {isa = PBXBuildFile; productRef = A91B22522670CF4E00D17453 /* SDWebImage */; };
		A91B22552670D0A600D17453 /* Api.swift in Sources */ = {isa = PBXBuildFile; fileRef = A91B22542670D0A600D17453 /* Api.swift */; };
		A91B225A2670DF6A00D17453 /* SearchResult.swift in Sources */ = {isa = PBXBuildFile; fileRef = A91B22592670DF6A00D17453 /* SearchResult.swift */; };
		A91B225D2670FE1F00D17453 /* EndLoadingCollectionViewCell.swift in Sources */ = {isa = PBXBuildFile; fileRef = A91B225B2670FE1F00D17453 /* EndLoadingCollectionViewCell.swift */; };
		A91B225E2670FE1F00D17453 /* EndLoadingCollectionViewCell.xib in Resources */ = {isa = PBXBuildFile; fileRef = A91B225C2670FE1F00D17453 /* EndLoadingCollectionViewCell.xib */; };
		A91B22602671B32800D17453 /* MyRequest.swift in Sources */ = {isa = PBXBuildFile; fileRef = A91B225F2671B32800D17453 /* MyRequest.swift */; };
/* End PBXBuildFile section */

/* Begin PBXContainerItemProxy section */
		A91B22292670AF9B00D17453 /* PBXContainerItemProxy */ = {
			isa = PBXContainerItemProxy;
			containerPortal = A91B22072670AF9900D17453 /* Project object */;
			proxyType = 1;
			remoteGlobalIDString = A91B220E2670AF9900D17453;
			remoteInfo = GitHubUserSearchPractice;
		};
		A91B22342670AF9B00D17453 /* PBXContainerItemProxy */ = {
			isa = PBXContainerItemProxy;
			containerPortal = A91B22072670AF9900D17453 /* Project object */;
			proxyType = 1;
			remoteGlobalIDString = A91B220E2670AF9900D17453;
			remoteInfo = GitHubUserSearchPractice;
		};
/* End PBXContainerItemProxy section */

/* Begin PBXFileReference section */
		A91B220F2670AF9900D17453 /* GitHubUserSearchPractice.app */ = {isa = PBXFileReference; explicitFileType = wrapper.application; includeInIndex = 0; path = GitHubUserSearchPractice.app; sourceTree = BUILT_PRODUCTS_DIR; };
		A91B22122670AF9900D17453 /* AppDelegate.swift */ = {isa = PBXFileReference; lastKnownFileType = sourcecode.swift; path = AppDelegate.swift; sourceTree = "<group>"; };
		A91B22162670AF9900D17453 /* SearchGitHubUserVC.swift */ = {isa = PBXFileReference; lastKnownFileType = sourcecode.swift; path = SearchGitHubUserVC.swift; sourceTree = "<group>"; };
		A91B22192670AF9900D17453 /* Base */ = {isa = PBXFileReference; lastKnownFileType = file.storyboard; name = Base; path = Base.lproj/Main.storyboard; sourceTree = "<group>"; };
		A91B221C2670AF9900D17453 /* GitHubUserSearchPractice.xcdatamodel */ = {isa = PBXFileReference; lastKnownFileType = wrapper.xcdatamodel; path = GitHubUserSearchPractice.xcdatamodel; sourceTree = "<group>"; };
		A91B221E2670AF9B00D17453 /* Assets.xcassets */ = {isa = PBXFileReference; lastKnownFileType = folder.assetcatalog; path = Assets.xcassets; sourceTree = "<group>"; };
		A91B22212670AF9B00D17453 /* Base */ = {isa = PBXFileReference; lastKnownFileType = file.storyboard; name = Base; path = Base.lproj/LaunchScreen.storyboard; sourceTree = "<group>"; };
		A91B22232670AF9B00D17453 /* Info.plist */ = {isa = PBXFileReference; lastKnownFileType = text.plist.xml; path = Info.plist; sourceTree = "<group>"; };
		A91B22282670AF9B00D17453 /* GitHubUserSearchPracticeTests.xctest */ = {isa = PBXFileReference; explicitFileType = wrapper.cfbundle; includeInIndex = 0; path = GitHubUserSearchPracticeTests.xctest; sourceTree = BUILT_PRODUCTS_DIR; };
		A91B222C2670AF9B00D17453 /* GitHubUserSearchPracticeTests.swift */ = {isa = PBXFileReference; lastKnownFileType = sourcecode.swift; path = GitHubUserSearchPracticeTests.swift; sourceTree = "<group>"; };
		A91B222E2670AF9B00D17453 /* Info.plist */ = {isa = PBXFileReference; lastKnownFileType = text.plist.xml; path = Info.plist; sourceTree = "<group>"; };
		A91B22332670AF9B00D17453 /* GitHubUserSearchPracticeUITests.xctest */ = {isa = PBXFileReference; explicitFileType = wrapper.cfbundle; includeInIndex = 0; path = GitHubUserSearchPracticeUITests.xctest; sourceTree = BUILT_PRODUCTS_DIR; };
		A91B22372670AF9B00D17453 /* GitHubUserSearchPracticeUITests.swift */ = {isa = PBXFileReference; lastKnownFileType = sourcecode.swift; path = GitHubUserSearchPracticeUITests.swift; sourceTree = "<group>"; };
		A91B22392670AF9B00D17453 /* Info.plist */ = {isa = PBXFileReference; lastKnownFileType = text.plist.xml; path = Info.plist; sourceTree = "<group>"; };
		A91B22482670B4A100D17453 /* SearchResultItemCollectionViewCell.swift */ = {isa = PBXFileReference; lastKnownFileType = sourcecode.swift; path = SearchResultItemCollectionViewCell.swift; sourceTree = "<group>"; };
		A91B22492670B4A100D17453 /* SearchResultItemCollectionViewCell.xib */ = {isa = PBXFileReference; lastKnownFileType = file.xib; path = SearchResultItemCollectionViewCell.xib; sourceTree = "<group>"; };
		A91B224F2670B8E300D17453 /* TypeIdentifier.swift */ = {isa = PBXFileReference; lastKnownFileType = sourcecode.swift; path = TypeIdentifier.swift; sourceTree = "<group>"; };
		A91B22542670D0A600D17453 /* Api.swift */ = {isa = PBXFileReference; lastKnownFileType = sourcecode.swift; path = Api.swift; sourceTree = "<group>"; };
		A91B22592670DF6A00D17453 /* SearchResult.swift */ = {isa = PBXFileReference; lastKnownFileType = sourcecode.swift; path = SearchResult.swift; sourceTree = "<group>"; };
		A91B225B2670FE1F00D17453 /* EndLoadingCollectionViewCell.swift */ = {isa = PBXFileReference; lastKnownFileType = sourcecode.swift; path = EndLoadingCollectionViewCell.swift; sourceTree = "<group>"; };
		A91B225C2670FE1F00D17453 /* EndLoadingCollectionViewCell.xib */ = {isa = PBXFileReference; lastKnownFileType = file.xib; path = EndLoadingCollectionViewCell.xib; sourceTree = "<group>"; };
		A91B225F2671B32800D17453 /* MyRequest.swift */ = {isa = PBXFileReference; lastKnownFileType = sourcecode.swift; path = MyRequest.swift; sourceTree = "<group>"; };
/* End PBXFileReference section */

/* Begin PBXFrameworksBuildPhase section */
		A91B220C2670AF9900D17453 /* Frameworks */ = {
			isa = PBXFrameworksBuildPhase;
			buildActionMask = 2147483647;
			files = (
				A91B22532670CF4E00D17453 /* SDWebImage in Frameworks */,
			);
			runOnlyForDeploymentPostprocessing = 0;
		};
		A91B22252670AF9B00D17453 /* Frameworks */ = {
			isa = PBXFrameworksBuildPhase;
			buildActionMask = 2147483647;
			files = (
			);
			runOnlyForDeploymentPostprocessing = 0;
		};
		A91B22302670AF9B00D17453 /* Frameworks */ = {
			isa = PBXFrameworksBuildPhase;
			buildActionMask = 2147483647;
			files = (
			);
			runOnlyForDeploymentPostprocessing = 0;
		};
/* End PBXFrameworksBuildPhase section */

/* Begin PBXGroup section */
		A91B22062670AF9900D17453 = {
			isa = PBXGroup;
			children = (
				A91B22112670AF9900D17453 /* GitHubUserSearchPractice */,
				A91B222B2670AF9B00D17453 /* GitHubUserSearchPracticeTests */,
				A91B22362670AF9B00D17453 /* GitHubUserSearchPracticeUITests */,
				A91B22102670AF9900D17453 /* Products */,
			);
			sourceTree = "<group>";
		};
		A91B22102670AF9900D17453 /* Products */ = {
			isa = PBXGroup;
			children = (
				A91B220F2670AF9900D17453 /* GitHubUserSearchPractice.app */,
				A91B22282670AF9B00D17453 /* GitHubUserSearchPracticeTests.xctest */,
				A91B22332670AF9B00D17453 /* GitHubUserSearchPracticeUITests.xctest */,
			);
			name = Products;
			sourceTree = "<group>";
		};
		A91B22112670AF9900D17453 /* GitHubUserSearchPractice */ = {
			isa = PBXGroup;
			children = (
				A91B22582670DF4400D17453 /* Model */,
				A91B224C2670B82E00D17453 /* Util */,
				A91B22122670AF9900D17453 /* AppDelegate.swift */,
				A91B22472670B46B00D17453 /* View */,
				A91B22452670B43600D17453 /* VC */,
				A91B221E2670AF9B00D17453 /* Assets.xcassets */,
				A91B22202670AF9B00D17453 /* LaunchScreen.storyboard */,
				A91B22232670AF9B00D17453 /* Info.plist */,
				A91B221B2670AF9900D17453 /* GitHubUserSearchPractice.xcdatamodeld */,
			);
			path = GitHubUserSearchPractice;
			sourceTree = "<group>";
		};
		A91B222B2670AF9B00D17453 /* GitHubUserSearchPracticeTests */ = {
			isa = PBXGroup;
			children = (
				A91B222C2670AF9B00D17453 /* GitHubUserSearchPracticeTests.swift */,
				A91B222E2670AF9B00D17453 /* Info.plist */,
			);
			path = GitHubUserSearchPracticeTests;
			sourceTree = "<group>";
		};
		A91B22362670AF9B00D17453 /* GitHubUserSearchPracticeUITests */ = {
			isa = PBXGroup;
			children = (
				A91B22372670AF9B00D17453 /* GitHubUserSearchPracticeUITests.swift */,
				A91B22392670AF9B00D17453 /* Info.plist */,
			);
			path = GitHubUserSearchPracticeUITests;
			sourceTree = "<group>";
		};
		A91B22452670B43600D17453 /* VC */ = {
			isa = PBXGroup;
			children = (
				A91B22162670AF9900D17453 /* SearchGitHubUserVC.swift */,
				A91B22182670AF9900D17453 /* Main.storyboard */,
			);
			path = VC;
			sourceTree = "<group>";
		};
		A91B22472670B46B00D17453 /* View */ = {
			isa = PBXGroup;
			children = (
				A91B22482670B4A100D17453 /* SearchResultItemCollectionViewCell.swift */,
				A91B22492670B4A100D17453 /* SearchResultItemCollectionViewCell.xib */,
				A91B225B2670FE1F00D17453 /* EndLoadingCollectionViewCell.swift */,
				A91B225C2670FE1F00D17453 /* EndLoadingCollectionViewCell.xib */,
			);
			path = View;
			sourceTree = "<group>";
		};
		A91B224C2670B82E00D17453 /* Util */ = {
			isa = PBXGroup;
			children = (
				A91B224F2670B8E300D17453 /* TypeIdentifier.swift */,
				A91B22542670D0A600D17453 /* Api.swift */,
				A91B225F2671B32800D17453 /* MyRequest.swift */,
			);
			path = Util;
			sourceTree = "<group>";
		};
		A91B22582670DF4400D17453 /* Model */ = {
			isa = PBXGroup;
			children = (
				A91B22592670DF6A00D17453 /* SearchResult.swift */,
			);
			path = Model;
			sourceTree = "<group>";
		};
/* End PBXGroup section */

/* Begin PBXNativeTarget section */
		A91B220E2670AF9900D17453 /* GitHubUserSearchPractice */ = {
			isa = PBXNativeTarget;
			buildConfigurationList = A91B223C2670AF9B00D17453 /* Build configuration list for PBXNativeTarget "GitHubUserSearchPractice" */;
			buildPhases = (
				A91B220B2670AF9900D17453 /* Sources */,
				A91B220C2670AF9900D17453 /* Frameworks */,
				A91B220D2670AF9900D17453 /* Resources */,
			);
			buildRules = (
			);
			dependencies = (
			);
			name = GitHubUserSearchPractice;
			packageProductDependencies = (
				A91B22522670CF4E00D17453 /* SDWebImage */,
			);
			productName = GitHubUserSearchPractice;
			productReference = A91B220F2670AF9900D17453 /* GitHubUserSearchPractice.app */;
			productType = "com.apple.product-type.application";
		};
		A91B22272670AF9B00D17453 /* GitHubUserSearchPracticeTests */ = {
			isa = PBXNativeTarget;
			buildConfigurationList = A91B223F2670AF9B00D17453 /* Build configuration list for PBXNativeTarget "GitHubUserSearchPracticeTests" */;
			buildPhases = (
				A91B22242670AF9B00D17453 /* Sources */,
				A91B22252670AF9B00D17453 /* Frameworks */,
				A91B22262670AF9B00D17453 /* Resources */,
			);
			buildRules = (
			);
			dependencies = (
				A91B222A2670AF9B00D17453 /* PBXTargetDependency */,
			);
			name = GitHubUserSearchPracticeTests;
			productName = GitHubUserSearchPracticeTests;
			productReference = A91B22282670AF9B00D17453 /* GitHubUserSearchPracticeTests.xctest */;
			productType = "com.apple.product-type.bundle.unit-test";
		};
		A91B22322670AF9B00D17453 /* GitHubUserSearchPracticeUITests */ = {
			isa = PBXNativeTarget;
			buildConfigurationList = A91B22422670AF9B00D17453 /* Build configuration list for PBXNativeTarget "GitHubUserSearchPracticeUITests" */;
			buildPhases = (
				A91B222F2670AF9B00D17453 /* Sources */,
				A91B22302670AF9B00D17453 /* Frameworks */,
				A91B22312670AF9B00D17453 /* Resources */,
			);
			buildRules = (
			);
			dependencies = (
				A91B22352670AF9B00D17453 /* PBXTargetDependency */,
			);
			name = GitHubUserSearchPracticeUITests;
			productName = GitHubUserSearchPracticeUITests;
			productReference = A91B22332670AF9B00D17453 /* GitHubUserSearchPracticeUITests.xctest */;
			productType = "com.apple.product-type.bundle.ui-testing";
		};
/* End PBXNativeTarget section */

/* Begin PBXProject section */
		A91B22072670AF9900D17453 /* Project object */ = {
			isa = PBXProject;
			attributes = {
				LastSwiftUpdateCheck = 1250;
				LastUpgradeCheck = 1250;
				TargetAttributes = {
					A91B220E2670AF9900D17453 = {
						CreatedOnToolsVersion = 12.5;
					};
					A91B22272670AF9B00D17453 = {
						CreatedOnToolsVersion = 12.5;
						TestTargetID = A91B220E2670AF9900D17453;
					};
					A91B22322670AF9B00D17453 = {
						CreatedOnToolsVersion = 12.5;
						TestTargetID = A91B220E2670AF9900D17453;
					};
				};
			};
			buildConfigurationList = A91B220A2670AF9900D17453 /* Build configuration list for PBXProject "GitHubUserSearchPractice" */;
			compatibilityVersion = "Xcode 9.3";
			developmentRegion = en;
			hasScannedForEncodings = 0;
			knownRegions = (
				en,
				Base,
			);
			mainGroup = A91B22062670AF9900D17453;
			packageReferences = (
				A91B22512670CF4E00D17453 /* XCRemoteSwiftPackageReference "SDWebImage" */,
			);
			productRefGroup = A91B22102670AF9900D17453 /* Products */;
			projectDirPath = "";
			projectRoot = "";
			targets = (
				A91B220E2670AF9900D17453 /* GitHubUserSearchPractice */,
				A91B22272670AF9B00D17453 /* GitHubUserSearchPracticeTests */,
				A91B22322670AF9B00D17453 /* GitHubUserSearchPracticeUITests */,
			);
		};
/* End PBXProject section */

/* Begin PBXResourcesBuildPhase section */
		A91B220D2670AF9900D17453 /* Resources */ = {
			isa = PBXResourcesBuildPhase;
			buildActionMask = 2147483647;
			files = (
				A91B22222670AF9B00D17453 /* LaunchScreen.storyboard in Resources */,
				A91B221F2670AF9B00D17453 /* Assets.xcassets in Resources */,
				A91B224B2670B4A100D17453 /* SearchResultItemCollectionViewCell.xib in Resources */,
				A91B225E2670FE1F00D17453 /* EndLoadingCollectionViewCell.xib in Resources */,
				A91B221A2670AF9900D17453 /* Main.storyboard in Resources */,
			);
			runOnlyForDeploymentPostprocessing = 0;
		};
		A91B22262670AF9B00D17453 /* Resources */ = {
			isa = PBXResourcesBuildPhase;
			buildActionMask = 2147483647;
			files = (
			);
			runOnlyForDeploymentPostprocessing = 0;
		};
		A91B22312670AF9B00D17453 /* Resources */ = {
			isa = PBXResourcesBuildPhase;
			buildActionMask = 2147483647;
			files = (
			);
			runOnlyForDeploymentPostprocessing = 0;
		};
/* End PBXResourcesBuildPhase section */

/* Begin PBXSourcesBuildPhase section */
		A91B220B2670AF9900D17453 /* Sources */ = {
			isa = PBXSourcesBuildPhase;
			buildActionMask = 2147483647;
			files = (
				A91B22552670D0A600D17453 /* Api.swift in Sources */,
				A91B225A2670DF6A00D17453 /* SearchResult.swift in Sources */,
				A91B22602671B32800D17453 /* MyRequest.swift in Sources */,
				A91B221D2670AF9900D17453 /* GitHubUserSearchPractice.xcdatamodeld in Sources */,
				A91B22172670AF9900D17453 /* SearchGitHubUserVC.swift in Sources */,
				A91B22502670B8E300D17453 /* TypeIdentifier.swift in Sources */,
				A91B225D2670FE1F00D17453 /* EndLoadingCollectionViewCell.swift in Sources */,
				A91B224A2670B4A100D17453 /* SearchResultItemCollectionViewCell.swift in Sources */,
				A91B22132670AF9900D17453 /* AppDelegate.swift in Sources */,
			);
			runOnlyForDeploymentPostprocessing = 0;
		};
		A91B22242670AF9B00D17453 /* Sources */ = {
			isa = PBXSourcesBuildPhase;
			buildActionMask = 2147483647;
			files = (
				A91B222D2670AF9B00D17453 /* GitHubUserSearchPracticeTests.swift in Sources */,
			);
			runOnlyForDeploymentPostprocessing = 0;
		};
		A91B222F2670AF9B00D17453 /* Sources */ = {
			isa = PBXSourcesBuildPhase;
			buildActionMask = 2147483647;
			files = (
				A91B22382670AF9B00D17453 /* GitHubUserSearchPracticeUITests.swift in Sources */,
			);
			runOnlyForDeploymentPostprocessing = 0;
		};
/* End PBXSourcesBuildPhase section */

/* Begin PBXTargetDependency section */
		A91B222A2670AF9B00D17453 /* PBXTargetDependency */ = {
			isa = PBXTargetDependency;
			target = A91B220E2670AF9900D17453 /* GitHubUserSearchPractice */;
			targetProxy = A91B22292670AF9B00D17453 /* PBXContainerItemProxy */;
		};
		A91B22352670AF9B00D17453 /* PBXTargetDependency */ = {
			isa = PBXTargetDependency;
			target = A91B220E2670AF9900D17453 /* GitHubUserSearchPractice */;
			targetProxy = A91B22342670AF9B00D17453 /* PBXContainerItemProxy */;
		};
/* End PBXTargetDependency section */

/* Begin PBXVariantGroup section */
		A91B22182670AF9900D17453 /* Main.storyboard */ = {
			isa = PBXVariantGroup;
			children = (
				A91B22192670AF9900D17453 /* Base */,
			);
			name = Main.storyboard;
			sourceTree = "<group>";
		};
		A91B22202670AF9B00D17453 /* LaunchScreen.storyboard */ = {
			isa = PBXVariantGroup;
			children = (
				A91B22212670AF9B00D17453 /* Base */,
			);
			name = LaunchScreen.storyboard;
			sourceTree = "<group>";
		};
/* End PBXVariantGroup section */

/* Begin XCBuildConfiguration section */
		A91B223A2670AF9B00D17453 /* Debug */ = {
			isa = XCBuildConfiguration;
			buildSettings = {
				ALWAYS_SEARCH_USER_PATHS = NO;
				CLANG_ANALYZER_NONNULL = YES;
				CLANG_ANALYZER_NUMBER_OBJECT_CONVERSION = YES_AGGRESSIVE;
				CLANG_CXX_LANGUAGE_STANDARD = "gnu++14";
				CLANG_CXX_LIBRARY = "libc++";
				CLANG_ENABLE_MODULES = YES;
				CLANG_ENABLE_OBJC_ARC = YES;
				CLANG_ENABLE_OBJC_WEAK = YES;
				CLANG_WARN_BLOCK_CAPTURE_AUTORELEASING = YES;
				CLANG_WARN_BOOL_CONVERSION = YES;
				CLANG_WARN_COMMA = YES;
				CLANG_WARN_CONSTANT_CONVERSION = YES;
				CLANG_WARN_DEPRECATED_OBJC_IMPLEMENTATIONS = YES;
				CLANG_WARN_DIRECT_OBJC_ISA_USAGE = YES_ERROR;
				CLANG_WARN_DOCUMENTATION_COMMENTS = YES;
				CLANG_WARN_EMPTY_BODY = YES;
				CLANG_WARN_ENUM_CONVERSION = YES;
				CLANG_WARN_INFINITE_RECURSION = YES;
				CLANG_WARN_INT_CONVERSION = YES;
				CLANG_WARN_NON_LITERAL_NULL_CONVERSION = YES;
				CLANG_WARN_OBJC_IMPLICIT_RETAIN_SELF = YES;
				CLANG_WARN_OBJC_LITERAL_CONVERSION = YES;
				CLANG_WARN_OBJC_ROOT_CLASS = YES_ERROR;
				CLANG_WARN_QUOTED_INCLUDE_IN_FRAMEWORK_HEADER = YES;
				CLANG_WARN_RANGE_LOOP_ANALYSIS = YES;
				CLANG_WARN_STRICT_PROTOTYPES = YES;
				CLANG_WARN_SUSPICIOUS_MOVE = YES;
				CLANG_WARN_UNGUARDED_AVAILABILITY = YES_AGGRESSIVE;
				CLANG_WARN_UNREACHABLE_CODE = YES;
				CLANG_WARN__DUPLICATE_METHOD_MATCH = YES;
				COPY_PHASE_STRIP = NO;
				DEBUG_INFORMATION_FORMAT = dwarf;
				ENABLE_STRICT_OBJC_MSGSEND = YES;
				ENABLE_TESTABILITY = YES;
				GCC_C_LANGUAGE_STANDARD = gnu11;
				GCC_DYNAMIC_NO_PIC = NO;
				GCC_NO_COMMON_BLOCKS = YES;
				GCC_OPTIMIZATION_LEVEL = 0;
				GCC_PREPROCESSOR_DEFINITIONS = (
					"DEBUG=1",
					"$(inherited)",
				);
				GCC_WARN_64_TO_32_BIT_CONVERSION = YES;
				GCC_WARN_ABOUT_RETURN_TYPE = YES_ERROR;
				GCC_WARN_UNDECLARED_SELECTOR = YES;
				GCC_WARN_UNINITIALIZED_AUTOS = YES_AGGRESSIVE;
				GCC_WARN_UNUSED_FUNCTION = YES;
				GCC_WARN_UNUSED_VARIABLE = YES;
				IPHONEOS_DEPLOYMENT_TARGET = 11.0;
				MTL_ENABLE_DEBUG_INFO = INCLUDE_SOURCE;
				MTL_FAST_MATH = YES;
				ONLY_ACTIVE_ARCH = YES;
				SDKROOT = iphoneos;
				SWIFT_ACTIVE_COMPILATION_CONDITIONS = DEBUG;
				SWIFT_OPTIMIZATION_LEVEL = "-Onone";
			};
			name = Debug;
		};
		A91B223B2670AF9B00D17453 /* Release */ = {
			isa = XCBuildConfiguration;
			buildSettings = {
				ALWAYS_SEARCH_USER_PATHS = NO;
				CLANG_ANALYZER_NONNULL = YES;
				CLANG_ANALYZER_NUMBER_OBJECT_CONVERSION = YES_AGGRESSIVE;
				CLANG_CXX_LANGUAGE_STANDARD = "gnu++14";
				CLANG_CXX_LIBRARY = "libc++";
				CLANG_ENABLE_MODULES = YES;
				CLANG_ENABLE_OBJC_ARC = YES;
				CLANG_ENABLE_OBJC_WEAK = YES;
				CLANG_WARN_BLOCK_CAPTURE_AUTORELEASING = YES;
				CLANG_WARN_BOOL_CONVERSION = YES;
				CLANG_WARN_COMMA = YES;
				CLANG_WARN_CONSTANT_CONVERSION = YES;
				CLANG_WARN_DEPRECATED_OBJC_IMPLEMENTATIONS = YES;
				CLANG_WARN_DIRECT_OBJC_ISA_USAGE = YES_ERROR;
				CLANG_WARN_DOCUMENTATION_COMMENTS = YES;
				CLANG_WARN_EMPTY_BODY = YES;
				CLANG_WARN_ENUM_CONVERSION = YES;
				CLANG_WARN_INFINITE_RECURSION = YES;
				CLANG_WARN_INT_CONVERSION = YES;
				CLANG_WARN_NON_LITERAL_NULL_CONVERSION = YES;
				CLANG_WARN_OBJC_IMPLICIT_RETAIN_SELF = YES;
				CLANG_WARN_OBJC_LITERAL_CONVERSION = YES;
				CLANG_WARN_OBJC_ROOT_CLASS = YES_ERROR;
				CLANG_WARN_QUOTED_INCLUDE_IN_FRAMEWORK_HEADER = YES;
				CLANG_WARN_RANGE_LOOP_ANALYSIS = YES;
				CLANG_WARN_STRICT_PROTOTYPES = YES;
				CLANG_WARN_SUSPICIOUS_MOVE = YES;
				CLANG_WARN_UNGUARDED_AVAILABILITY = YES_AGGRESSIVE;
				CLANG_WARN_UNREACHABLE_CODE = YES;
				CLANG_WARN__DUPLICATE_METHOD_MATCH = YES;
				COPY_PHASE_STRIP = NO;
				DEBUG_INFORMATION_FORMAT = "dwarf-with-dsym";
				ENABLE_NS_ASSERTIONS = NO;
				ENABLE_STRICT_OBJC_MSGSEND = YES;
				GCC_C_LANGUAGE_STANDARD = gnu11;
				GCC_NO_COMMON_BLOCKS = YES;
				GCC_WARN_64_TO_32_BIT_CONVERSION = YES;
				GCC_WARN_ABOUT_RETURN_TYPE = YES_ERROR;
				GCC_WARN_UNDECLARED_SELECTOR = YES;
				GCC_WARN_UNINITIALIZED_AUTOS = YES_AGGRESSIVE;
				GCC_WARN_UNUSED_FUNCTION = YES;
				GCC_WARN_UNUSED_VARIABLE = YES;
				IPHONEOS_DEPLOYMENT_TARGET = 11.0;
				MTL_ENABLE_DEBUG_INFO = NO;
				MTL_FAST_MATH = YES;
				SDKROOT = iphoneos;
				SWIFT_COMPILATION_MODE = wholemodule;
				SWIFT_OPTIMIZATION_LEVEL = "-O";
				VALIDATE_PRODUCT = YES;
			};
			name = Release;
		};
		A91B223D2670AF9B00D17453 /* Debug */ = {
			isa = XCBuildConfiguration;
			buildSettings = {
				ASSETCATALOG_COMPILER_APPICON_NAME = AppIcon;
				ASSETCATALOG_COMPILER_GLOBAL_ACCENT_COLOR_NAME = AccentColor;
				CODE_SIGN_STYLE = Automatic;
				INFOPLIST_FILE = GitHubUserSearchPractice/Info.plist;
				LD_RUNPATH_SEARCH_PATHS = (
					"$(inherited)",
					"@executable_path/Frameworks",
				);
				PRODUCT_BUNDLE_IDENTIFIER = bill.GitHubUserSearchPractice;
				PRODUCT_NAME = "$(TARGET_NAME)";
				SWIFT_VERSION = 5.0;
				TARGETED_DEVICE_FAMILY = "1,2";
			};
			name = Debug;
		};
		A91B223E2670AF9B00D17453 /* Release */ = {
			isa = XCBuildConfiguration;
			buildSettings = {
				ASSETCATALOG_COMPILER_APPICON_NAME = AppIcon;
				ASSETCATALOG_COMPILER_GLOBAL_ACCENT_COLOR_NAME = AccentColor;
				CODE_SIGN_STYLE = Automatic;
				INFOPLIST_FILE = GitHubUserSearchPractice/Info.plist;
				LD_RUNPATH_SEARCH_PATHS = (
					"$(inherited)",
					"@executable_path/Frameworks",
				);
				PRODUCT_BUNDLE_IDENTIFIER = bill.GitHubUserSearchPractice;
				PRODUCT_NAME = "$(TARGET_NAME)";
				SWIFT_VERSION = 5.0;
				TARGETED_DEVICE_FAMILY = "1,2";
			};
			name = Release;
		};
		A91B22402670AF9B00D17453 /* Debug */ = {
			isa = XCBuildConfiguration;
			buildSettings = {
				ALWAYS_EMBED_SWIFT_STANDARD_LIBRARIES = YES;
				BUNDLE_LOADER = "$(TEST_HOST)";
				CODE_SIGN_STYLE = Automatic;
				INFOPLIST_FILE = GitHubUserSearchPracticeTests/Info.plist;
				IPHONEOS_DEPLOYMENT_TARGET = 14.5;
				LD_RUNPATH_SEARCH_PATHS = (
					"$(inherited)",
					"@executable_path/Frameworks",
					"@loader_path/Frameworks",
				);
				PRODUCT_BUNDLE_IDENTIFIER = bill.GitHubUserSearchPracticeTests;
				PRODUCT_NAME = "$(TARGET_NAME)";
				SWIFT_VERSION = 5.0;
				TARGETED_DEVICE_FAMILY = "1,2";
				TEST_HOST = "$(BUILT_PRODUCTS_DIR)/GitHubUserSearchPractice.app/GitHubUserSearchPractice";
			};
			name = Debug;
		};
		A91B22412670AF9B00D17453 /* Release */ = {
			isa = XCBuildConfiguration;
			buildSettings = {
				ALWAYS_EMBED_SWIFT_STANDARD_LIBRARIES = YES;
				BUNDLE_LOADER = "$(TEST_HOST)";
				CODE_SIGN_STYLE = Automatic;
				INFOPLIST_FILE = GitHubUserSearchPracticeTests/Info.plist;
				IPHONEOS_DEPLOYMENT_TARGET = 14.5;
				LD_RUNPATH_SEARCH_PATHS = (
					"$(inherited)",
					"@executable_path/Frameworks",
					"@loader_path/Frameworks",
				);
				PRODUCT_BUNDLE_IDENTIFIER = bill.GitHubUserSearchPracticeTests;
				PRODUCT_NAME = "$(TARGET_NAME)";
				SWIFT_VERSION = 5.0;
				TARGETED_DEVICE_FAMILY = "1,2";
				TEST_HOST = "$(BUILT_PRODUCTS_DIR)/GitHubUserSearchPractice.app/GitHubUserSearchPractice";
			};
			name = Release;
		};
		A91B22432670AF9B00D17453 /* Debug */ = {
			isa = XCBuildConfiguration;
			buildSettings = {
				ALWAYS_EMBED_SWIFT_STANDARD_LIBRARIES = YES;
				CODE_SIGN_STYLE = Automatic;
				INFOPLIST_FILE = GitHubUserSearchPracticeUITests/Info.plist;
				LD_RUNPATH_SEARCH_PATHS = (
					"$(inherited)",
					"@executable_path/Frameworks",
					"@loader_path/Frameworks",
				);
				PRODUCT_BUNDLE_IDENTIFIER = bill.GitHubUserSearchPracticeUITests;
				PRODUCT_NAME = "$(TARGET_NAME)";
				SWIFT_VERSION = 5.0;
				TARGETED_DEVICE_FAMILY = "1,2";
				TEST_TARGET_NAME = GitHubUserSearchPractice;
			};
			name = Debug;
		};
		A91B22442670AF9B00D17453 /* Release */ = {
			isa = XCBuildConfiguration;
			buildSettings = {
				ALWAYS_EMBED_SWIFT_STANDARD_LIBRARIES = YES;
				CODE_SIGN_STYLE = Automatic;
				INFOPLIST_FILE = GitHubUserSearchPracticeUITests/Info.plist;
				LD_RUNPATH_SEARCH_PATHS = (
					"$(inherited)",
					"@executable_path/Frameworks",
					"@loader_path/Frameworks",
				);
				PRODUCT_BUNDLE_IDENTIFIER = bill.GitHubUserSearchPracticeUITests;
				PRODUCT_NAME = "$(TARGET_NAME)";
				SWIFT_VERSION = 5.0;
				TARGETED_DEVICE_FAMILY = "1,2";
				TEST_TARGET_NAME = GitHubUserSearchPractice;
			};
			name = Release;
		};
/* End XCBuildConfiguration section */

/* Begin XCConfigurationList section */
		A91B220A2670AF9900D17453 /* Build configuration list for PBXProject "GitHubUserSearchPractice" */ = {
			isa = XCConfigurationList;
			buildConfigurations = (
				A91B223A2670AF9B00D17453 /* Debug */,
				A91B223B2670AF9B00D17453 /* Release */,
			);
			defaultConfigurationIsVisible = 0;
			defaultConfigurationName = Release;
		};
		A91B223C2670AF9B00D17453 /* Build configuration list for PBXNativeTarget "GitHubUserSearchPractice" */ = {
			isa = XCConfigurationList;
			buildConfigurations = (
				A91B223D2670AF9B00D17453 /* Debug */,
				A91B223E2670AF9B00D17453 /* Release */,
			);
			defaultConfigurationIsVisible = 0;
			defaultConfigurationName = Release;
		};
		A91B223F2670AF9B00D17453 /* Build configuration list for PBXNativeTarget "GitHubUserSearchPracticeTests" */ = {
			isa = XCConfigurationList;
			buildConfigurations = (
				A91B22402670AF9B00D17453 /* Debug */,
				A91B22412670AF9B00D17453 /* Release */,
			);
			defaultConfigurationIsVisible = 0;
			defaultConfigurationName = Release;
		};
		A91B22422670AF9B00D17453 /* Build configuration list for PBXNativeTarget "GitHubUserSearchPracticeUITests" */ = {
			isa = XCConfigurationList;
			buildConfigurations = (
				A91B22432670AF9B00D17453 /* Debug */,
				A91B22442670AF9B00D17453 /* Release */,
			);
			defaultConfigurationIsVisible = 0;
			defaultConfigurationName = Release;
		};
/* End XCConfigurationList section */

/* Begin XCRemoteSwiftPackageReference section */
		A91B22512670CF4E00D17453 /* XCRemoteSwiftPackageReference "SDWebImage" */ = {
			isa = XCRemoteSwiftPackageReference;
			repositoryURL = "https://github.com/SDWebImage/SDWebImage";
			requirement = {
				kind = upToNextMajorVersion;
				minimumVersion = 5.11.1;
			};
		};
/* End XCRemoteSwiftPackageReference section */

/* Begin XCSwiftPackageProductDependency section */
		A91B22522670CF4E00D17453 /* SDWebImage */ = {
			isa = XCSwiftPackageProductDependency;
			package = A91B22512670CF4E00D17453 /* XCRemoteSwiftPackageReference "SDWebImage" */;
			productName = SDWebImage;
		};
/* End XCSwiftPackageProductDependency section */

/* Begin XCVersionGroup section */
		A91B221B2670AF9900D17453 /* GitHubUserSearchPractice.xcdatamodeld */ = {
			isa = XCVersionGroup;
			children = (
				A91B221C2670AF9900D17453 /* GitHubUserSearchPractice.xcdatamodel */,
			);
			currentVersion = A91B221C2670AF9900D17453 /* GitHubUserSearchPractice.xcdatamodel */;
			path = GitHubUserSearchPractice.xcdatamodeld;
			sourceTree = "<group>";
			versionGroupType = wrapper.xcdatamodel;
		};
/* End XCVersionGroup section */
	};
	rootObject = A91B22072670AF9900D17453 /* Project object */;
}
